
Microsoft Visual Studio Solution File, Format Version 12.00
# Visual Studio Version 17
VisualStudioVersion = 17.9.34728.123
MinimumVisualStudioVersion = 10.0.40219.1
Project("{FAE04EC0-301F-11D3-BF4B-00C04F79EFBC}") = "impares_de_1a100_-_multiplo_de _5", "impares_de_1a100_-_multiplo_de _5\impares_de_1a100_-_multiplo_de _5.csproj", "{968406DC-6BD5-4C9B-8359-3A60BD3026D2}"
EndProject
Global
	GlobalSection(SolutionConfigurationPlatforms) = preSolution
		Debug|Any CPU = Debug|Any CPU
		Release|Any CPU = Release|Any CPU
	EndGlobalSection
	GlobalSection(ProjectConfigurationPlatforms) = postSolution
		{968406DC-6BD5-4C9B-8359-3A60BD3026D2}.Debug|Any CPU.ActiveCfg = Debug|Any CPU
		{968406DC-6BD5-4C9B-8359-3A60BD3026D2}.Debug|Any CPU.Build.0 = Debug|Any CPU
		{968406DC-6BD5-4C9B-8359-3A60BD3026D2}.Release|Any CPU.ActiveCfg = Release|Any CPU
		{968406DC-6BD5-4C9B-8359-3A60BD3026D2}.Release|Any CPU.Build.0 = Release|Any CPU
	EndGlobalSection
	GlobalSection(SolutionProperties) = preSolution
		HideSolutionNode = FALSE
	EndGlobalSection
	GlobalSection(ExtensibilityGlobals) = postSolution
		SolutionGuid = {FE812601-9622-47D2-94E7-DFE670BAE7F0}
	EndGlobalSection
EndGlobal
